
Microsoft Visual Studio Solution File, Format Version 12.00
# Visual Studio Version 16
VisualStudioVersion = 16.0.33027.164
MinimumVisualStudioVersion = 10.0.40219.1
Project("{FAE04EC0-301F-11D3-BF4B-00C04F79EFBC}") = "Zaharchyk.TaskPlanner.ConsoleRunner", "Zaharchyk.TaskPlanner.ConsoleRunner\Zaharchyk.TaskPlanner.ConsoleRunner.csproj", "{998B1FA3-B73D-4E7A-B109-FA3586A3F6B5}"
EndProject
Project("{FAE04EC0-301F-11D3-BF4B-00C04F79EFBC}") = "Zaharchyk.TaskPlanner.Domain.Models", "Zaharchyk.TaskPlanner.Domain.Models\Zaharchyk.TaskPlanner.Domain.Models.csproj", "{F7ADCC74-D196-4CF4-91AF-DB328D2D8E0E}"
EndProject
Project("{FAE04EC0-301F-11D3-BF4B-00C04F79EFBC}") = "Zaharchyk.TaskPlanner.Domain.Logic", "Zaharchyk.TaskPlanner.Domain.Logic\Zaharchyk.TaskPlanner.Domain.Logic.csproj", "{055C3A85-9EC2-4EFF-B704-87AE2E9CCE78}"
EndProject
Global
	GlobalSection(SolutionConfigurationPlatforms) = preSolution
		Debug|Any CPU = Debug|Any CPU
		Release|Any CPU = Release|Any CPU
	EndGlobalSection
	GlobalSection(ProjectConfigurationPlatforms) = postSolution
		{998B1FA3-B73D-4E7A-B109-FA3586A3F6B5}.Debug|Any CPU.ActiveCfg = Debug|Any CPU
		{998B1FA3-B73D-4E7A-B109-FA3586A3F6B5}.Debug|Any CPU.Build.0 = Debug|Any CPU
		{998B1FA3-B73D-4E7A-B109-FA3586A3F6B5}.Release|Any CPU.ActiveCfg = Release|Any CPU
		{998B1FA3-B73D-4E7A-B109-FA3586A3F6B5}.Release|Any CPU.Build.0 = Release|Any CPU
		{F7ADCC74-D196-4CF4-91AF-DB328D2D8E0E}.Debug|Any CPU.ActiveCfg = Debug|Any CPU
		{F7ADCC74-D196-4CF4-91AF-DB328D2D8E0E}.Debug|Any CPU.Build.0 = Debug|Any CPU
		{F7ADCC74-D196-4CF4-91AF-DB328D2D8E0E}.Release|Any CPU.ActiveCfg = Release|Any CPU
		{F7ADCC74-D196-4CF4-91AF-DB328D2D8E0E}.Release|Any CPU.Build.0 = Release|Any CPU
		{055C3A85-9EC2-4EFF-B704-87AE2E9CCE78}.Debug|Any CPU.ActiveCfg = Debug|Any CPU
		{055C3A85-9EC2-4EFF-B704-87AE2E9CCE78}.Debug|Any CPU.Build.0 = Debug|Any CPU
		{055C3A85-9EC2-4EFF-B704-87AE2E9CCE78}.Release|Any CPU.ActiveCfg = Release|Any CPU
		{055C3A85-9EC2-4EFF-B704-87AE2E9CCE78}.Release|Any CPU.Build.0 = Release|Any CPU
	EndGlobalSection
	GlobalSection(SolutionProperties) = preSolution
		HideSolutionNode = FALSE
	EndGlobalSection
	GlobalSection(ExtensibilityGlobals) = postSolution
		SolutionGuid = {7FC2A59D-AF2C-4E40-96CE-65E95EC3841B}
	EndGlobalSection
EndGlobal
